// !$*UTF8*$!
{
	archiveVersion = 1;
	classes = {
	};
	objectVersion = 46;
	objects = {

/* Begin PBXBuildFile section */
		5F8917621C25F1F100C6BECF /* AppDelegate.swift in Sources */ = {isa = PBXBuildFile; fileRef = 5F8917611C25F1F100C6BECF /* AppDelegate.swift */; };
		5F8917641C25F1F100C6BECF /* ViewController.swift in Sources */ = {isa = PBXBuildFile; fileRef = 5F8917631C25F1F100C6BECF /* ViewController.swift */; };
		5F8917671C25F1F100C6BECF /* Main.storyboard in Resources */ = {isa = PBXBuildFile; fileRef = 5F8917651C25F1F100C6BECF /* Main.storyboard */; };
		5F8917691C25F1F100C6BECF /* Assets.xcassets in Resources */ = {isa = PBXBuildFile; fileRef = 5F8917681C25F1F100C6BECF /* Assets.xcassets */; };
		5F89176C1C25F1F100C6BECF /* LaunchScreen.storyboard in Resources */ = {isa = PBXBuildFile; fileRef = 5F89176A1C25F1F100C6BECF /* LaunchScreen.storyboard */; };
/* End PBXBuildFile section */

/* Begin PBXFileReference section */
		5F89175E1C25F1F100C6BECF /* tableviewcontroller-test.app */ = {isa = PBXFileReference; explicitFileType = wrapper.application; includeInIndex = 0; path = "tableviewcontroller-test.app"; sourceTree = BUILT_PRODUCTS_DIR; };
		5F8917611C25F1F100C6BECF /* AppDelegate.swift */ = {isa = PBXFileReference; lastKnownFileType = sourcecode.swift; path = AppDelegate.swift; sourceTree = "<group>"; };
		5F8917631C25F1F100C6BECF /* ViewController.swift */ = {isa = PBXFileReference; lastKnownFileType = sourcecode.swift; path = ViewController.swift; sourceTree = "<group>"; };
		5F8917661C25F1F100C6BECF /* Base */ = {isa = PBXFileReference; lastKnownFileType = file.storyboard; name = Base; path = Base.lproj/Main.storyboard; sourceTree = "<group>"; };
		5F8917681C25F1F100C6BECF /* Assets.xcassets */ = {isa = PBXFileReference; lastKnownFileType = folder.assetcatalog; path = Assets.xcassets; sourceTree = "<group>"; };
		5F89176B1C25F1F100C6BECF /* Base */ = {isa = PBXFileReference; lastKnownFileType = file.storyboard; name = Base; path = Base.lproj/LaunchScreen.storyboard; sourceTree = "<group>"; };
		5F89176D1C25F1F100C6BECF /* Info.plist */ = {isa = PBXFileReference; lastKnownFileType = text.plist.xml; path = Info.plist; sourceTree = "<group>"; };
/* End PBXFileReference section */

/* Begin PBXFrameworksBuildPhase section */
		5F89175B1C25F1F100C6BECF /* Frameworks */ = {
			isa = PBXFrameworksBuildPhase;
			buildActionMask = 2147483647;
			files = (
			);
			runOnlyForDeploymentPostprocessing = 0;
		};
/* End PBXFrameworksBuildPhase section */

/* Begin PBXGroup section */
		5F8917551C25F1F100C6BECF = {
			isa = PBXGroup;
			children = (
				5F8917601C25F1F100C6BECF /* tableviewcontroller-test */,
				5F89175F1C25F1F100C6BECF /* Products */,
			);
			sourceTree = "<group>";
		};
		5F89175F1C25F1F100C6BECF /* Products */ = {
			isa = PBXGroup;
			children = (
				5F89175E1C25F1F100C6BECF /* tableviewcontroller-test.app */,
			);
			name = Products;
			sourceTree = "<group>";
		};
		5F8917601C25F1F100C6BECF /* tableviewcontroller-test */ = {
			isa = PBXGroup;
			children = (
				5F8917611C25F1F100C6BECF /* AppDelegate.swift */,
				5F8917631C25F1F100C6BECF /* ViewController.swift */,
				5F8917651C25F1F100C6BECF /* Main.storyboard */,
				5F8917681C25F1F100C6BECF /* Assets.xcassets */,
				5F89176A1C25F1F100C6BECF /* LaunchScreen.storyboard */,
				5F89176D1C25F1F100C6BECF /* Info.plist */,
			);
			path = "tableviewcontroller-test";
			sourceTree = "<group>";
		};
/* End PBXGroup section */

/* Begin PBXNativeTarget section */
		5F89175D1C25F1F100C6BECF /* tableviewcontroller-test */ = {
			isa = PBXNativeTarget;
			buildConfigurationList = 5F8917701C25F1F100C6BECF /* Build configuration list for PBXNativeTarget "tableviewcontroller-test" */;
			buildPhases = (
				5F89175A1C25F1F100C6BECF /* Sources */,
				5F89175B1C25F1F100C6BECF /* Frameworks */,
				5F89175C1C25F1F100C6BECF /* Resources */,
			);
			buildRules = (
			);
			dependencies = (
			);
			name = "tableviewcontroller-test";
			productName = "tableviewcontroller-test";
			productReference = 5F89175E1C25F1F100C6BECF /* tableviewcontroller-test.app */;
			productType = "com.apple.product-type.application";
		};
/* End PBXNativeTarget section */

/* Begin PBXProject section */
		5F8917561C25F1F100C6BECF /* Project object */ = {
			isa = PBXProject;
			attributes = {
				LastSwiftUpdateCheck = 0710;
				LastUpgradeCheck = 0710;
				ORGANIZATIONNAME = "Todd Fields";
				TargetAttributes = {
					5F89175D1C25F1F100C6BECF = {
						CreatedOnToolsVersion = 7.1;
					};
				};
			};
			buildConfigurationList = 5F8917591C25F1F100C6BECF /* Build configuration list for PBXProject "tableviewcontroller-test" */;
			compatibilityVersion = "Xcode 3.2";
			developmentRegion = English;
			hasScannedForEncodings = 0;
			knownRegions = (
				en,
				Base,
			);
			mainGroup = 5F8917551C25F1F100C6BECF;
			productRefGroup = 5F89175F1C25F1F100C6BECF /* Products */;
			projectDirPath = "";
			projectRoot = "";
			targets = (
				5F89175D1C25F1F100C6BECF /* tableviewcontroller-test */,
			);
		};
/* End PBXProject section */

/* Begin PBXResourcesBuildPhase section */
		5F89175C1C25F1F100C6BECF /* Resources */ = {
			isa = PBXResourcesBuildPhase;
			buildActionMask = 2147483647;
			files = (
				5F89176C1C25F1F100C6BECF /* LaunchScreen.storyboard in Resources */,
				5F8917691C25F1F100C6BECF /* Assets.xcassets in Resources */,
				5F8917671C25F1F100C6BECF /* Main.storyboard in Resources */,
			);
			runOnlyForDeploymentPostprocessing = 0;
		};
/* End PBXResourcesBuildPhase section */

/* Begin PBXSourcesBuildPhase section */
		5F89175A1C25F1F100C6BECF /* Sources */ = {
			isa = PBXSourcesBuildPhase;
			buildActionMask = 2147483647;
			files = (
				5F8917641C25F1F100C6BECF /* ViewController.swift in Sources */,
				5F8917621C25F1F100C6BECF /* AppDelegate.swift in Sources */,
			);
			runOnlyForDeploymentPostprocessing = 0;
		};
/* End PBXSourcesBuildPhase section */

/* Begin PBXVariantGroup section */
		5F8917651C25F1F100C6BECF /* Main.storyboard */ = {
			isa = PBXVariantGroup;
			children = (
				5F8917661C25F1F100C6BECF /* Base */,
			);
			name = Main.storyboard;
			sourceTree = "<group>";
		};
		5F89176A1C25F1F100C6BECF /* LaunchScreen.storyboard */ = {
			isa = PBXVariantGroup;
			children = (
				5F89176B1C25F1F100C6BECF /* Base */,
			);
			name = LaunchScreen.storyboard;
			sourceTree = "<group>";
		};
/* End PBXVariantGroup section */

/* Begin XCBuildConfiguration section */
		5F89176E1C25F1F100C6BECF /* Debug */ = {
			isa = XCBuildConfiguration;
			buildSettings = {
				ALWAYS_SEARCH_USER_PATHS = NO;
				CLANG_CXX_LANGUAGE_STANDARD = "gnu++0x";
				CLANG_CXX_LIBRARY = "libc++";
				CLANG_ENABLE_MODULES = YES;
				CLANG_ENABLE_OBJC_ARC = YES;
				CLANG_WARN_BOOL_CONVERSION = YES;
				CLANG_WARN_CONSTANT_CONVERSION = YES;
				CLANG_WARN_DIRECT_OBJC_ISA_USAGE = YES_ERROR;
				CLANG_WARN_EMPTY_BODY = YES;
				CLANG_WARN_ENUM_CONVERSION = YES;
				CLANG_WARN_INT_CONVERSION = YES;
				CLANG_WARN_OBJC_ROOT_CLASS = YES_ERROR;
				CLANG_WARN_UNREACHABLE_CODE = YES;
				CLANG_WARN__DUPLICATE_METHOD_MATCH = YES;
				"CODE_SIGN_IDENTITY[sdk=iphoneos*]" = "iPhone Developer";
				COPY_PHASE_STRIP = NO;
				DEBUG_INFORMATION_FORMAT = dwarf;
				ENABLE_STRICT_OBJC_MSGSEND = YES;
				ENABLE_TESTABILITY = YES;
				GCC_C_LANGUAGE_STANDARD = gnu99;
				GCC_DYNAMIC_NO_PIC = NO;
				GCC_NO_COMMON_BLOCKS = YES;
				GCC_OPTIMIZATION_LEVEL = 0;
				GCC_PREPROCESSOR_DEFINITIONS = (
					"DEBUG=1",
					"$(inherited)",
				);
				GCC_WARN_64_TO_32_BIT_CONVERSION = YES;
				GCC_WARN_ABOUT_RETURN_TYPE = YES_ERROR;
				GCC_WARN_UNDECLARED_SELECTOR = YES;
				GCC_WARN_UNINITIALIZED_AUTOS = YES_AGGRESSIVE;
				GCC_WARN_UNUSED_FUNCTION = YES;
				GCC_WARN_UNUSED_VARIABLE = YES;
				IPHONEOS_DEPLOYMENT_TARGET = 9.1;
				MTL_ENABLE_DEBUG_INFO = YES;
				ONLY_ACTIVE_ARCH = YES;
				SDKROOT = iphoneos;
				SWIFT_OPTIMIZATION_LEVEL = "-Onone";
				TARGETED_DEVICE_FAMILY = "1,2";
			};
			name = Debug;
		};
		5F89176F1C25F1F100C6BECF /* Release */ = {
			isa = XCBuildConfiguration;
			buildSettings = {
				ALWAYS_SEARCH_USER_PATHS = NO;
				CLANG_CXX_LANGUAGE_STANDARD = "gnu++0x";
				CLANG_CXX_LIBRARY = "libc++";
				CLANG_ENABLE_MODULES = YES;
				CLANG_ENABLE_OBJC_ARC = YES;
				CLANG_WARN_BOOL_CONVERSION = YES;
				CLANG_WARN_CONSTANT_CONVERSION = YES;
				CLANG_WARN_DIRECT_OBJC_ISA_USAGE = YES_ERROR;
				CLANG_WARN_EMPTY_BODY = YES;
				CLANG_WARN_ENUM_CONVERSION = YES;
				CLANG_WARN_INT_CONVERSION = YES;
				CLANG_WARN_OBJC_ROOT_CLASS = YES_ERROR;
				CLANG_WARN_UNREACHABLE_CODE = YES;
				CLANG_WARN__DUPLICATE_METHOD_MATCH = YES;
				"CODE_SIGN_IDENTITY[sdk=iphoneos*]" = "iPhone Developer";
				COPY_PHASE_STRIP = NO;
				DEBUG_INFORMATION_FORMAT = "dwarf-with-dsym";
				ENABLE_NS_ASSERTIONS = NO;
				ENABLE_STRICT_OBJC_MSGSEND = YES;
				GCC_C_LANGUAGE_STANDARD = gnu99;
				GCC_NO_COMMON_BLOCKS = YES;
				GCC_WARN_64_TO_32_BIT_CONVERSION = YES;
				GCC_WARN_ABOUT_RETURN_TYPE = YES_ERROR;
				GCC_WARN_UNDECLARED_SELECTOR = YES;
				GCC_WARN_UNINITIALIZED_AUTOS = YES_AGGRESSIVE;
				GCC_WARN_UNUSED_FUNCTION = YES;
				GCC_WARN_UNUSED_VARIABLE = YES;
				IPHONEOS_DEPLOYMENT_TARGET = 9.1;
				MTL_ENABLE_DEBUG_INFO = NO;
				SDKROOT = iphoneos;
				TARGETED_DEVICE_FAMILY = "1,2";
				VALIDATE_PRODUCT = YES;
			};
			name = Release;
		};
		5F8917711C25F1F100C6BECF /* Debug */ = {
			isa = XCBuildConfiguration;
			buildSettings = {
				ASSETCATALOG_COMPILER_APPICON_NAME = AppIcon;
				INFOPLIST_FILE = "tableviewcontroller-test/Info.plist";
				LD_RUNPATH_SEARCH_PATHS = "$(inherited) @executable_path/Frameworks";
				PRODUCT_BUNDLE_IDENTIFIER = "com.genxos.tableviewcontroller-test";
				PRODUCT_NAME = "$(TARGET_NAME)";
			};
			name = Debug;
		};
		5F8917721C25F1F100C6BECF /* Release */ = {
			isa = XCBuildConfiguration;
			buildSettings = {
				ASSETCATALOG_COMPILER_APPICON_NAME = AppIcon;
				INFOPLIST_FILE = "tableviewcontroller-test/Info.plist";
				LD_RUNPATH_SEARCH_PATHS = "$(inherited) @executable_path/Frameworks";
				PRODUCT_BUNDLE_IDENTIFIER = "com.genxos.tableviewcontroller-test";
				PRODUCT_NAME = "$(TARGET_NAME)";
			};
			name = Release;
		};
/* End XCBuildConfiguration section */

/* Begin XCConfigurationList section */
		5F8917591C25F1F100C6BECF /* Build configuration list for PBXProject "tableviewcontroller-test" */ = {
			isa = XCConfigurationList;
			buildConfigurations = (
				5F89176E1C25F1F100C6BECF /* Debug */,
				5F89176F1C25F1F100C6BECF /* Release */,
			);
			defaultConfigurationIsVisible = 0;
			defaultConfigurationName = Release;
		};
		5F8917701C25F1F100C6BECF /* Build configuration list for PBXNativeTarget "tableviewcontroller-test" */ = {
			isa = XCConfigurationList;
			buildConfigurations = (
				5F8917711C25F1F100C6BECF /* Debug */,
				5F8917721C25F1F100C6BECF /* Release */,
			);
			defaultConfigurationIsVisible = 0;
		};
/* End XCConfigurationList section */
	};
	rootObject = 5F8917561C25F1F100C6BECF /* Project object */;
}
